
Microsoft Visual Studio Solution File, Format Version 12.00
# Visual Studio Version 17
VisualStudioVersion = 17.6.33815.320
MinimumVisualStudioVersion = 10.0.40219.1
Project("{FAE04EC0-301F-11D3-BF4B-00C04F79EFBC}") = "GitHubOOP", "GitHubOOP\GitHubOOP.csproj", "{B387C873-4D08-49CC-92DC-00320F7F8362}"
EndProject
Global
	GlobalSection(SolutionConfigurationPlatforms) = preSolution
		Debug|Any CPU = Debug|Any CPU
		Release|Any CPU = Release|Any CPU
	EndGlobalSection
	GlobalSection(ProjectConfigurationPlatforms) = postSolution
		{B387C873-4D08-49CC-92DC-00320F7F8362}.Debug|Any CPU.ActiveCfg = Debug|Any CPU
		{B387C873-4D08-49CC-92DC-00320F7F8362}.Debug|Any CPU.Build.0 = Debug|Any CPU
		{B387C873-4D08-49CC-92DC-00320F7F8362}.Release|Any CPU.ActiveCfg = Release|Any CPU
		{B387C873-4D08-49CC-92DC-00320F7F8362}.Release|Any CPU.Build.0 = Release|Any CPU
	EndGlobalSection
	GlobalSection(SolutionProperties) = preSolution
		HideSolutionNode = FALSE
	EndGlobalSection
	GlobalSection(ExtensibilityGlobals) = postSolution
		SolutionGuid = {1CCACD7A-D1AB-4FE7-9461-CE3993091F2C}
	EndGlobalSection
EndGlobal
